
Microsoft Visual Studio Solution File, Format Version 12.00
# Visual Studio Version 17
VisualStudioVersion = 17.1.32414.318
MinimumVisualStudioVersion = 10.0.40219.1
Project("{FAE04EC0-301F-11D3-BF4B-00C04F79EFBC}") = "Event", "Event\Event.csproj", "{ABC788F2-7942-4B5F-8E01-65391B7438E6}"
EndProject
Global
	GlobalSection(SolutionConfigurationPlatforms) = preSolution
		Debug|Any CPU = Debug|Any CPU
		Release|Any CPU = Release|Any CPU
	EndGlobalSection
	GlobalSection(ProjectConfigurationPlatforms) = postSolution
		{ABC788F2-7942-4B5F-8E01-65391B7438E6}.Debug|Any CPU.ActiveCfg = Debug|Any CPU
		{ABC788F2-7942-4B5F-8E01-65391B7438E6}.Debug|Any CPU.Build.0 = Debug|Any CPU
		{ABC788F2-7942-4B5F-8E01-65391B7438E6}.Release|Any CPU.ActiveCfg = Release|Any CPU
		{ABC788F2-7942-4B5F-8E01-65391B7438E6}.Release|Any CPU.Build.0 = Release|Any CPU
	EndGlobalSection
	GlobalSection(SolutionProperties) = preSolution
		HideSolutionNode = FALSE
	EndGlobalSection
	GlobalSection(ExtensibilityGlobals) = postSolution
		SolutionGuid = {27E92797-E9EC-4A7D-92D2-C531D92258AB}
	EndGlobalSection
EndGlobal
